// !$*UTF8*$!
{
	archiveVersion = 1;
	classes = {
	};
	objectVersion = 55;
	objects = {

/* Begin PBXBuildFile section */
		C72F08D1271F0D2A00DA662B /* DrawingApp.swift in Sources */ = {isa = PBXBuildFile; fileRef = C72F08D0271F0D2A00DA662B /* DrawingApp.swift */; };
		C72F08D3271F0D2A00DA662B /* ContentView.swift in Sources */ = {isa = PBXBuildFile; fileRef = C72F08D2271F0D2A00DA662B /* ContentView.swift */; };
		C72F08D5271F0D2D00DA662B /* Assets.xcassets in Resources */ = {isa = PBXBuildFile; fileRef = C72F08D4271F0D2D00DA662B /* Assets.xcassets */; };
		C72F08D8271F0D2D00DA662B /* Preview Assets.xcassets in Resources */ = {isa = PBXBuildFile; fileRef = C72F08D7271F0D2D00DA662B /* Preview Assets.xcassets */; };
		C72F08E2271F0D2E00DA662B /* DrawingTests.swift in Sources */ = {isa = PBXBuildFile; fileRef = C72F08E1271F0D2E00DA662B /* DrawingTests.swift */; };
		C72F08EC271F0D2E00DA662B /* DrawingUITests.swift in Sources */ = {isa = PBXBuildFile; fileRef = C72F08EB271F0D2E00DA662B /* DrawingUITests.swift */; };
		C72F08EE271F0D2E00DA662B /* DrawingUITestsLaunchTests.swift in Sources */ = {isa = PBXBuildFile; fileRef = C72F08ED271F0D2E00DA662B /* DrawingUITestsLaunchTests.swift */; };
		C72F08FC271F104100DA662B /* DrawingView.swift in Sources */ = {isa = PBXBuildFile; fileRef = C72F08FB271F104100DA662B /* DrawingView.swift */; };
		C72F08FE271F107E00DA662B /* Canvas.swift in Sources */ = {isa = PBXBuildFile; fileRef = C72F08FD271F107E00DA662B /* Canvas.swift */; };
		C72F0901271F12FE00DA662B /* DrawPoints.swift in Sources */ = {isa = PBXBuildFile; fileRef = C72F0900271F12FE00DA662B /* DrawPoints.swift */; };
/* End PBXBuildFile section */

/* Begin PBXContainerItemProxy section */
		C72F08DE271F0D2E00DA662B /* PBXContainerItemProxy */ = {
			isa = PBXContainerItemProxy;
			containerPortal = C72F08C5271F0D2A00DA662B /* Project object */;
			proxyType = 1;
			remoteGlobalIDString = C72F08CC271F0D2A00DA662B;
			remoteInfo = Drawing;
		};
		C72F08E8271F0D2E00DA662B /* PBXContainerItemProxy */ = {
			isa = PBXContainerItemProxy;
			containerPortal = C72F08C5271F0D2A00DA662B /* Project object */;
			proxyType = 1;
			remoteGlobalIDString = C72F08CC271F0D2A00DA662B;
			remoteInfo = Drawing;
		};
/* End PBXContainerItemProxy section */

/* Begin PBXFileReference section */
		C72F08CD271F0D2A00DA662B /* Drawing.app */ = {isa = PBXFileReference; explicitFileType = wrapper.application; includeInIndex = 0; path = Drawing.app; sourceTree = BUILT_PRODUCTS_DIR; };
		C72F08D0271F0D2A00DA662B /* DrawingApp.swift */ = {isa = PBXFileReference; lastKnownFileType = sourcecode.swift; path = DrawingApp.swift; sourceTree = "<group>"; };
		C72F08D2271F0D2A00DA662B /* ContentView.swift */ = {isa = PBXFileReference; lastKnownFileType = sourcecode.swift; path = ContentView.swift; sourceTree = "<group>"; };
		C72F08D4271F0D2D00DA662B /* Assets.xcassets */ = {isa = PBXFileReference; lastKnownFileType = folder.assetcatalog; path = Assets.xcassets; sourceTree = "<group>"; };
		C72F08D7271F0D2D00DA662B /* Preview Assets.xcassets */ = {isa = PBXFileReference; lastKnownFileType = folder.assetcatalog; path = "Preview Assets.xcassets"; sourceTree = "<group>"; };
		C72F08DD271F0D2E00DA662B /* DrawingTests.xctest */ = {isa = PBXFileReference; explicitFileType = wrapper.cfbundle; includeInIndex = 0; path = DrawingTests.xctest; sourceTree = BUILT_PRODUCTS_DIR; };
		C72F08E1271F0D2E00DA662B /* DrawingTests.swift */ = {isa = PBXFileReference; lastKnownFileType = sourcecode.swift; path = DrawingTests.swift; sourceTree = "<group>"; };
		C72F08E7271F0D2E00DA662B /* DrawingUITests.xctest */ = {isa = PBXFileReference; explicitFileType = wrapper.cfbundle; includeInIndex = 0; path = DrawingUITests.xctest; sourceTree = BUILT_PRODUCTS_DIR; };
		C72F08EB271F0D2E00DA662B /* DrawingUITests.swift */ = {isa = PBXFileReference; lastKnownFileType = sourcecode.swift; path = DrawingUITests.swift; sourceTree = "<group>"; };
		C72F08ED271F0D2E00DA662B /* DrawingUITestsLaunchTests.swift */ = {isa = PBXFileReference; lastKnownFileType = sourcecode.swift; path = DrawingUITestsLaunchTests.swift; sourceTree = "<group>"; };
		C72F08FB271F104100DA662B /* DrawingView.swift */ = {isa = PBXFileReference; lastKnownFileType = sourcecode.swift; path = DrawingView.swift; sourceTree = "<group>"; };
		C72F08FD271F107E00DA662B /* Canvas.swift */ = {isa = PBXFileReference; lastKnownFileType = sourcecode.swift; path = Canvas.swift; sourceTree = "<group>"; };
		C72F0900271F12FE00DA662B /* DrawPoints.swift */ = {isa = PBXFileReference; lastKnownFileType = sourcecode.swift; path = DrawPoints.swift; sourceTree = "<group>"; };
/* End PBXFileReference section */

/* Begin PBXFrameworksBuildPhase section */
		C72F08CA271F0D2A00DA662B /* Frameworks */ = {
			isa = PBXFrameworksBuildPhase;
			buildActionMask = 2147483647;
			files = (
			);
			runOnlyForDeploymentPostprocessing = 0;
		};
		C72F08DA271F0D2E00DA662B /* Frameworks */ = {
			isa = PBXFrameworksBuildPhase;
			buildActionMask = 2147483647;
			files = (
			);
			runOnlyForDeploymentPostprocessing = 0;
		};
		C72F08E4271F0D2E00DA662B /* Frameworks */ = {
			isa = PBXFrameworksBuildPhase;
			buildActionMask = 2147483647;
			files = (
			);
			runOnlyForDeploymentPostprocessing = 0;
		};
/* End PBXFrameworksBuildPhase section */

/* Begin PBXGroup section */
		C72F08C4271F0D2A00DA662B = {
			isa = PBXGroup;
			children = (
				C72F08CF271F0D2A00DA662B /* Drawing */,
				C72F08E0271F0D2E00DA662B /* DrawingTests */,
				C72F08EA271F0D2E00DA662B /* DrawingUITests */,
				C72F08CE271F0D2A00DA662B /* Products */,
			);
			sourceTree = "<group>";
		};
		C72F08CE271F0D2A00DA662B /* Products */ = {
			isa = PBXGroup;
			children = (
				C72F08CD271F0D2A00DA662B /* Drawing.app */,
				C72F08DD271F0D2E00DA662B /* DrawingTests.xctest */,
				C72F08E7271F0D2E00DA662B /* DrawingUITests.xctest */,
			);
			name = Products;
			sourceTree = "<group>";
		};
		C72F08CF271F0D2A00DA662B /* Drawing */ = {
			isa = PBXGroup;
			children = (
				C72F08FF271F12E700DA662B /* Model */,
				C72F08FA271F0F5C00DA662B /* View */,
				C72F08D0271F0D2A00DA662B /* DrawingApp.swift */,
				C72F08D2271F0D2A00DA662B /* ContentView.swift */,
				C72F08D4271F0D2D00DA662B /* Assets.xcassets */,
				C72F08D6271F0D2D00DA662B /* Preview Content */,
			);
			path = Drawing;
			sourceTree = "<group>";
		};
		C72F08D6271F0D2D00DA662B /* Preview Content */ = {
			isa = PBXGroup;
			children = (
				C72F08D7271F0D2D00DA662B /* Preview Assets.xcassets */,
			);
			path = "Preview Content";
			sourceTree = "<group>";
		};
		C72F08E0271F0D2E00DA662B /* DrawingTests */ = {
			isa = PBXGroup;
			children = (
				C72F08E1271F0D2E00DA662B /* DrawingTests.swift */,
			);
			path = DrawingTests;
			sourceTree = "<group>";
		};
		C72F08EA271F0D2E00DA662B /* DrawingUITests */ = {
			isa = PBXGroup;
			children = (
				C72F08EB271F0D2E00DA662B /* DrawingUITests.swift */,
				C72F08ED271F0D2E00DA662B /* DrawingUITestsLaunchTests.swift */,
			);
			path = DrawingUITests;
			sourceTree = "<group>";
		};
		C72F08FA271F0F5C00DA662B /* View */ = {
			isa = PBXGroup;
			children = (
				C72F08FB271F104100DA662B /* DrawingView.swift */,
				C72F08FD271F107E00DA662B /* Canvas.swift */,
			);
			path = View;
			sourceTree = "<group>";
		};
		C72F08FF271F12E700DA662B /* Model */ = {
			isa = PBXGroup;
			children = (
				C72F0900271F12FE00DA662B /* DrawPoints.swift */,
			);
			path = Model;
			sourceTree = "<group>";
		};
/* End PBXGroup section */

/* Begin PBXNativeTarget section */
		C72F08CC271F0D2A00DA662B /* Drawing */ = {
			isa = PBXNativeTarget;
			buildConfigurationList = C72F08F1271F0D2E00DA662B /* Build configuration list for PBXNativeTarget "Drawing" */;
			buildPhases = (
				C72F08C9271F0D2A00DA662B /* Sources */,
				C72F08CA271F0D2A00DA662B /* Frameworks */,
				C72F08CB271F0D2A00DA662B /* Resources */,
			);
			buildRules = (
			);
			dependencies = (
			);
			name = Drawing;
			productName = Drawing;
			productReference = C72F08CD271F0D2A00DA662B /* Drawing.app */;
			productType = "com.apple.product-type.application";
		};
		C72F08DC271F0D2E00DA662B /* DrawingTests */ = {
			isa = PBXNativeTarget;
			buildConfigurationList = C72F08F4271F0D2E00DA662B /* Build configuration list for PBXNativeTarget "DrawingTests" */;
			buildPhases = (
				C72F08D9271F0D2E00DA662B /* Sources */,
				C72F08DA271F0D2E00DA662B /* Frameworks */,
				C72F08DB271F0D2E00DA662B /* Resources */,
			);
			buildRules = (
			);
			dependencies = (
				C72F08DF271F0D2E00DA662B /* PBXTargetDependency */,
			);
			name = DrawingTests;
			productName = DrawingTests;
			productReference = C72F08DD271F0D2E00DA662B /* DrawingTests.xctest */;
			productType = "com.apple.product-type.bundle.unit-test";
		};
		C72F08E6271F0D2E00DA662B /* DrawingUITests */ = {
			isa = PBXNativeTarget;
			buildConfigurationList = C72F08F7271F0D2E00DA662B /* Build configuration list for PBXNativeTarget "DrawingUITests" */;
			buildPhases = (
				C72F08E3271F0D2E00DA662B /* Sources */,
				C72F08E4271F0D2E00DA662B /* Frameworks */,
				C72F08E5271F0D2E00DA662B /* Resources */,
			);
			buildRules = (
			);
			dependencies = (
				C72F08E9271F0D2E00DA662B /* PBXTargetDependency */,
			);
			name = DrawingUITests;
			productName = DrawingUITests;
			productReference = C72F08E7271F0D2E00DA662B /* DrawingUITests.xctest */;
			productType = "com.apple.product-type.bundle.ui-testing";
		};
/* End PBXNativeTarget section */

/* Begin PBXProject section */
		C72F08C5271F0D2A00DA662B /* Project object */ = {
			isa = PBXProject;
			attributes = {
				BuildIndependentTargetsInParallel = 1;
				LastSwiftUpdateCheck = 1300;
				LastUpgradeCheck = 1300;
				TargetAttributes = {
					C72F08CC271F0D2A00DA662B = {
						CreatedOnToolsVersion = 13.0;
					};
					C72F08DC271F0D2E00DA662B = {
						CreatedOnToolsVersion = 13.0;
						TestTargetID = C72F08CC271F0D2A00DA662B;
					};
					C72F08E6271F0D2E00DA662B = {
						CreatedOnToolsVersion = 13.0;
						TestTargetID = C72F08CC271F0D2A00DA662B;
					};
				};
			};
			buildConfigurationList = C72F08C8271F0D2A00DA662B /* Build configuration list for PBXProject "Drawing" */;
			compatibilityVersion = "Xcode 13.0";
			developmentRegion = en;
			hasScannedForEncodings = 0;
			knownRegions = (
				en,
				Base,
			);
			mainGroup = C72F08C4271F0D2A00DA662B;
			productRefGroup = C72F08CE271F0D2A00DA662B /* Products */;
			projectDirPath = "";
			projectRoot = "";
			targets = (
				C72F08CC271F0D2A00DA662B /* Drawing */,
				C72F08DC271F0D2E00DA662B /* DrawingTests */,
				C72F08E6271F0D2E00DA662B /* DrawingUITests */,
			);
		};
/* End PBXProject section */

/* Begin PBXResourcesBuildPhase section */
		C72F08CB271F0D2A00DA662B /* Resources */ = {
			isa = PBXResourcesBuildPhase;
			buildActionMask = 2147483647;
			files = (
				C72F08D8271F0D2D00DA662B /* Preview Assets.xcassets in Resources */,
				C72F08D5271F0D2D00DA662B /* Assets.xcassets in Resources */,
			);
			runOnlyForDeploymentPostprocessing = 0;
		};
		C72F08DB271F0D2E00DA662B /* Resources */ = {
			isa = PBXResourcesBuildPhase;
			buildActionMask = 2147483647;
			files = (
			);
			runOnlyForDeploymentPostprocessing = 0;
		};
		C72F08E5271F0D2E00DA662B /* Resources */ = {
			isa = PBXResourcesBuildPhase;
			buildActionMask = 2147483647;
			files = (
			);
			runOnlyForDeploymentPostprocessing = 0;
		};
/* End PBXResourcesBuildPhase section */

/* Begin PBXSourcesBuildPhase section */
		C72F08C9271F0D2A00DA662B /* Sources */ = {
			isa = PBXSourcesBuildPhase;
			buildActionMask = 2147483647;
			files = (
				C72F08FC271F104100DA662B /* DrawingView.swift in Sources */,
				C72F08D3271F0D2A00DA662B /* ContentView.swift in Sources */,
				C72F08D1271F0D2A00DA662B /* DrawingApp.swift in Sources */,
				C72F0901271F12FE00DA662B /* DrawPoints.swift in Sources */,
				C72F08FE271F107E00DA662B /* Canvas.swift in Sources */,
			);
			runOnlyForDeploymentPostprocessing = 0;
		};
		C72F08D9271F0D2E00DA662B /* Sources */ = {
			isa = PBXSourcesBuildPhase;
			buildActionMask = 2147483647;
			files = (
				C72F08E2271F0D2E00DA662B /* DrawingTests.swift in Sources */,
			);
			runOnlyForDeploymentPostprocessing = 0;
		};
		C72F08E3271F0D2E00DA662B /* Sources */ = {
			isa = PBXSourcesBuildPhase;
			buildActionMask = 2147483647;
			files = (
				C72F08EC271F0D2E00DA662B /* DrawingUITests.swift in Sources */,
				C72F08EE271F0D2E00DA662B /* DrawingUITestsLaunchTests.swift in Sources */,
			);
			runOnlyForDeploymentPostprocessing = 0;
		};
/* End PBXSourcesBuildPhase section */

/* Begin PBXTargetDependency section */
		C72F08DF271F0D2E00DA662B /* PBXTargetDependency */ = {
			isa = PBXTargetDependency;
			target = C72F08CC271F0D2A00DA662B /* Drawing */;
			targetProxy = C72F08DE271F0D2E00DA662B /* PBXContainerItemProxy */;
		};
		C72F08E9271F0D2E00DA662B /* PBXTargetDependency */ = {
			isa = PBXTargetDependency;
			target = C72F08CC271F0D2A00DA662B /* Drawing */;
			targetProxy = C72F08E8271F0D2E00DA662B /* PBXContainerItemProxy */;
		};
/* End PBXTargetDependency section */

/* Begin XCBuildConfiguration section */
		C72F08EF271F0D2E00DA662B /* Debug */ = {
			isa = XCBuildConfiguration;
			buildSettings = {
				ALWAYS_SEARCH_USER_PATHS = NO;
				CLANG_ANALYZER_NONNULL = YES;
				CLANG_ANALYZER_NUMBER_OBJECT_CONVERSION = YES_AGGRESSIVE;
				CLANG_CXX_LANGUAGE_STANDARD = "gnu++17";
				CLANG_CXX_LIBRARY = "libc++";
				CLANG_ENABLE_MODULES = YES;
				CLANG_ENABLE_OBJC_ARC = YES;
				CLANG_ENABLE_OBJC_WEAK = YES;
				CLANG_WARN_BLOCK_CAPTURE_AUTORELEASING = YES;
				CLANG_WARN_BOOL_CONVERSION = YES;
				CLANG_WARN_COMMA = YES;
				CLANG_WARN_CONSTANT_CONVERSION = YES;
				CLANG_WARN_DEPRECATED_OBJC_IMPLEMENTATIONS = YES;
				CLANG_WARN_DIRECT_OBJC_ISA_USAGE = YES_ERROR;
				CLANG_WARN_DOCUMENTATION_COMMENTS = YES;
				CLANG_WARN_EMPTY_BODY = YES;
				CLANG_WARN_ENUM_CONVERSION = YES;
				CLANG_WARN_INFINITE_RECURSION = YES;
				CLANG_WARN_INT_CONVERSION = YES;
				CLANG_WARN_NON_LITERAL_NULL_CONVERSION = YES;
				CLANG_WARN_OBJC_IMPLICIT_RETAIN_SELF = YES;
				CLANG_WARN_OBJC_LITERAL_CONVERSION = YES;
				CLANG_WARN_OBJC_ROOT_CLASS = YES_ERROR;
				CLANG_WARN_QUOTED_INCLUDE_IN_FRAMEWORK_HEADER = YES;
				CLANG_WARN_RANGE_LOOP_ANALYSIS = YES;
				CLANG_WARN_STRICT_PROTOTYPES = YES;
				CLANG_WARN_SUSPICIOUS_MOVE = YES;
				CLANG_WARN_UNGUARDED_AVAILABILITY = YES_AGGRESSIVE;
				CLANG_WARN_UNREACHABLE_CODE = YES;
				CLANG_WARN__DUPLICATE_METHOD_MATCH = YES;
				COPY_PHASE_STRIP = NO;
				DEBUG_INFORMATION_FORMAT = dwarf;
				ENABLE_STRICT_OBJC_MSGSEND = YES;
				ENABLE_TESTABILITY = YES;
				GCC_C_LANGUAGE_STANDARD = gnu11;
				GCC_DYNAMIC_NO_PIC = NO;
				GCC_NO_COMMON_BLOCKS = YES;
				GCC_OPTIMIZATION_LEVEL = 0;
				GCC_PREPROCESSOR_DEFINITIONS = (
					"DEBUG=1",
					"$(inherited)",
				);
				GCC_WARN_64_TO_32_BIT_CONVERSION = YES;
				GCC_WARN_ABOUT_RETURN_TYPE = YES_ERROR;
				GCC_WARN_UNDECLARED_SELECTOR = YES;
				GCC_WARN_UNINITIALIZED_AUTOS = YES_AGGRESSIVE;
				GCC_WARN_UNUSED_FUNCTION = YES;
				GCC_WARN_UNUSED_VARIABLE = YES;
				IPHONEOS_DEPLOYMENT_TARGET = 15.0;
				MTL_ENABLE_DEBUG_INFO = INCLUDE_SOURCE;
				MTL_FAST_MATH = YES;
				ONLY_ACTIVE_ARCH = YES;
				SDKROOT = iphoneos;
				SWIFT_ACTIVE_COMPILATION_CONDITIONS = DEBUG;
				SWIFT_OPTIMIZATION_LEVEL = "-Onone";
			};
			name = Debug;
		};
		C72F08F0271F0D2E00DA662B /* Release */ = {
			isa = XCBuildConfiguration;
			buildSettings = {
				ALWAYS_SEARCH_USER_PATHS = NO;
				CLANG_ANALYZER_NONNULL = YES;
				CLANG_ANALYZER_NUMBER_OBJECT_CONVERSION = YES_AGGRESSIVE;
				CLANG_CXX_LANGUAGE_STANDARD = "gnu++17";
				CLANG_CXX_LIBRARY = "libc++";
				CLANG_ENABLE_MODULES = YES;
				CLANG_ENABLE_OBJC_ARC = YES;
				CLANG_ENABLE_OBJC_WEAK = YES;
				CLANG_WARN_BLOCK_CAPTURE_AUTORELEASING = YES;
				CLANG_WARN_BOOL_CONVERSION = YES;
				CLANG_WARN_COMMA = YES;
				CLANG_WARN_CONSTANT_CONVERSION = YES;
				CLANG_WARN_DEPRECATED_OBJC_IMPLEMENTATIONS = YES;
				CLANG_WARN_DIRECT_OBJC_ISA_USAGE = YES_ERROR;
				CLANG_WARN_DOCUMENTATION_COMMENTS = YES;
				CLANG_WARN_EMPTY_BODY = YES;
				CLANG_WARN_ENUM_CONVERSION = YES;
				CLANG_WARN_INFINITE_RECURSION = YES;
				CLANG_WARN_INT_CONVERSION = YES;
				CLANG_WARN_NON_LITERAL_NULL_CONVERSION = YES;
				CLANG_WARN_OBJC_IMPLICIT_RETAIN_SELF = YES;
				CLANG_WARN_OBJC_LITERAL_CONVERSION = YES;
				CLANG_WARN_OBJC_ROOT_CLASS = YES_ERROR;
				CLANG_WARN_QUOTED_INCLUDE_IN_FRAMEWORK_HEADER = YES;
				CLANG_WARN_RANGE_LOOP_ANALYSIS = YES;
				CLANG_WARN_STRICT_PROTOTYPES = YES;
				CLANG_WARN_SUSPICIOUS_MOVE = YES;
				CLANG_WARN_UNGUARDED_AVAILABILITY = YES_AGGRESSIVE;
				CLANG_WARN_UNREACHABLE_CODE = YES;
				CLANG_WARN__DUPLICATE_METHOD_MATCH = YES;
				COPY_PHASE_STRIP = NO;
				DEBUG_INFORMATION_FORMAT = "dwarf-with-dsym";
				ENABLE_NS_ASSERTIONS = NO;
				ENABLE_STRICT_OBJC_MSGSEND = YES;
				GCC_C_LANGUAGE_STANDARD = gnu11;
				GCC_NO_COMMON_BLOCKS = YES;
				GCC_WARN_64_TO_32_BIT_CONVERSION = YES;
				GCC_WARN_ABOUT_RETURN_TYPE = YES_ERROR;
				GCC_WARN_UNDECLARED_SELECTOR = YES;
				GCC_WARN_UNINITIALIZED_AUTOS = YES_AGGRESSIVE;
				GCC_WARN_UNUSED_FUNCTION = YES;
				GCC_WARN_UNUSED_VARIABLE = YES;
				IPHONEOS_DEPLOYMENT_TARGET = 15.0;
				MTL_ENABLE_DEBUG_INFO = NO;
				MTL_FAST_MATH = YES;
				SDKROOT = iphoneos;
				SWIFT_COMPILATION_MODE = wholemodule;
				SWIFT_OPTIMIZATION_LEVEL = "-O";
				VALIDATE_PRODUCT = YES;
			};
			name = Release;
		};
		C72F08F2271F0D2E00DA662B /* Debug */ = {
			isa = XCBuildConfiguration;
			buildSettings = {
				ASSETCATALOG_COMPILER_APPICON_NAME = AppIcon;
				ASSETCATALOG_COMPILER_GLOBAL_ACCENT_COLOR_NAME = AccentColor;
				CODE_SIGN_STYLE = Automatic;
				CURRENT_PROJECT_VERSION = 1;
				DEVELOPMENT_ASSET_PATHS = "\"Drawing/Preview Content\"";
				ENABLE_PREVIEWS = YES;
				GENERATE_INFOPLIST_FILE = YES;
				INFOPLIST_KEY_UIApplicationSceneManifest_Generation = YES;
				INFOPLIST_KEY_UIApplicationSupportsIndirectInputEvents = YES;
				INFOPLIST_KEY_UILaunchScreen_Generation = YES;
				INFOPLIST_KEY_UISupportedInterfaceOrientations_iPad = "UIInterfaceOrientationPortrait UIInterfaceOrientationPortraitUpsideDown UIInterfaceOrientationLandscapeLeft UIInterfaceOrientationLandscapeRight";
				INFOPLIST_KEY_UISupportedInterfaceOrientations_iPhone = "UIInterfaceOrientationPortrait UIInterfaceOrientationLandscapeLeft UIInterfaceOrientationLandscapeRight";
				IPHONEOS_DEPLOYMENT_TARGET = 14.0;
				LD_RUNPATH_SEARCH_PATHS = (
					"$(inherited)",
					"@executable_path/Frameworks",
				);
				MARKETING_VERSION = 1.0;
				PRODUCT_BUNDLE_IDENTIFIER = sugiokaseiya.com.Drawing;
				PRODUCT_NAME = "$(TARGET_NAME)";
				SWIFT_EMIT_LOC_STRINGS = YES;
				SWIFT_VERSION = 5.0;
				TARGETED_DEVICE_FAMILY = "1,2";
			};
			name = Debug;
		};
		C72F08F3271F0D2E00DA662B /* Release */ = {
			isa = XCBuildConfiguration;
			buildSettings = {
				ASSETCATALOG_COMPILER_APPICON_NAME = AppIcon;
				ASSETCATALOG_COMPILER_GLOBAL_ACCENT_COLOR_NAME = AccentColor;
				CODE_SIGN_STYLE = Automatic;
				CURRENT_PROJECT_VERSION = 1;
				DEVELOPMENT_ASSET_PATHS = "\"Drawing/Preview Content\"";
				ENABLE_PREVIEWS = YES;
				GENERATE_INFOPLIST_FILE = YES;
				INFOPLIST_KEY_UIApplicationSceneManifest_Generation = YES;
				INFOPLIST_KEY_UIApplicationSupportsIndirectInputEvents = YES;
				INFOPLIST_KEY_UILaunchScreen_Generation = YES;
				INFOPLIST_KEY_UISupportedInterfaceOrientations_iPad = "UIInterfaceOrientationPortrait UIInterfaceOrientationPortraitUpsideDown UIInterfaceOrientationLandscapeLeft UIInterfaceOrientationLandscapeRight";
				INFOPLIST_KEY_UISupportedInterfaceOrientations_iPhone = "UIInterfaceOrientationPortrait UIInterfaceOrientationLandscapeLeft UIInterfaceOrientationLandscapeRight";
				IPHONEOS_DEPLOYMENT_TARGET = 14.0;
				LD_RUNPATH_SEARCH_PATHS = (
					"$(inherited)",
					"@executable_path/Frameworks",
				);
				MARKETING_VERSION = 1.0;
				PRODUCT_BUNDLE_IDENTIFIER = sugiokaseiya.com.Drawing;
				PRODUCT_NAME = "$(TARGET_NAME)";
				SWIFT_EMIT_LOC_STRINGS = YES;
				SWIFT_VERSION = 5.0;
				TARGETED_DEVICE_FAMILY = "1,2";
			};
			name = Release;
		};
		C72F08F5271F0D2E00DA662B /* Debug */ = {
			isa = XCBuildConfiguration;
			buildSettings = {
				ALWAYS_EMBED_SWIFT_STANDARD_LIBRARIES = YES;
				BUNDLE_LOADER = "$(TEST_HOST)";
				CODE_SIGN_STYLE = Automatic;
				CURRENT_PROJECT_VERSION = 1;
				GENERATE_INFOPLIST_FILE = YES;
				IPHONEOS_DEPLOYMENT_TARGET = 14.0;
				LD_RUNPATH_SEARCH_PATHS = (
					"$(inherited)",
					"@executable_path/Frameworks",
					"@loader_path/Frameworks",
				);
				MARKETING_VERSION = 1.0;
				PRODUCT_BUNDLE_IDENTIFIER = sugiokaseiya.com.DrawingTests;
				PRODUCT_NAME = "$(TARGET_NAME)";
				SWIFT_EMIT_LOC_STRINGS = NO;
				SWIFT_VERSION = 5.0;
				TARGETED_DEVICE_FAMILY = "1,2";
				TEST_HOST = "$(BUILT_PRODUCTS_DIR)/Drawing.app/Drawing";
			};
			name = Debug;
		};
		C72F08F6271F0D2E00DA662B /* Release */ = {
			isa = XCBuildConfiguration;
			buildSettings = {
				ALWAYS_EMBED_SWIFT_STANDARD_LIBRARIES = YES;
				BUNDLE_LOADER = "$(TEST_HOST)";
				CODE_SIGN_STYLE = Automatic;
				CURRENT_PROJECT_VERSION = 1;
				GENERATE_INFOPLIST_FILE = YES;
				IPHONEOS_DEPLOYMENT_TARGET = 14.0;
				LD_RUNPATH_SEARCH_PATHS = (
					"$(inherited)",
					"@executable_path/Frameworks",
					"@loader_path/Frameworks",
				);
				MARKETING_VERSION = 1.0;
				PRODUCT_BUNDLE_IDENTIFIER = sugiokaseiya.com.DrawingTests;
				PRODUCT_NAME = "$(TARGET_NAME)";
				SWIFT_EMIT_LOC_STRINGS = NO;
				SWIFT_VERSION = 5.0;
				TARGETED_DEVICE_FAMILY = "1,2";
				TEST_HOST = "$(BUILT_PRODUCTS_DIR)/Drawing.app/Drawing";
			};
			name = Release;
		};
		C72F08F8271F0D2E00DA662B /* Debug */ = {
			isa = XCBuildConfiguration;
			buildSettings = {
				ALWAYS_EMBED_SWIFT_STANDARD_LIBRARIES = YES;
				CODE_SIGN_STYLE = Automatic;
				CURRENT_PROJECT_VERSION = 1;
				GENERATE_INFOPLIST_FILE = YES;
				LD_RUNPATH_SEARCH_PATHS = (
					"$(inherited)",
					"@executable_path/Frameworks",
					"@loader_path/Frameworks",
				);
				MARKETING_VERSION = 1.0;
				PRODUCT_BUNDLE_IDENTIFIER = sugiokaseiya.com.DrawingUITests;
				PRODUCT_NAME = "$(TARGET_NAME)";
				SWIFT_EMIT_LOC_STRINGS = NO;
				SWIFT_VERSION = 5.0;
				TARGETED_DEVICE_FAMILY = "1,2";
				TEST_TARGET_NAME = Drawing;
			};
			name = Debug;
		};
		C72F08F9271F0D2E00DA662B /* Release */ = {
			isa = XCBuildConfiguration;
			buildSettings = {
				ALWAYS_EMBED_SWIFT_STANDARD_LIBRARIES = YES;
				CODE_SIGN_STYLE = Automatic;
				CURRENT_PROJECT_VERSION = 1;
				GENERATE_INFOPLIST_FILE = YES;
				LD_RUNPATH_SEARCH_PATHS = (
					"$(inherited)",
					"@executable_path/Frameworks",
					"@loader_path/Frameworks",
				);
				MARKETING_VERSION = 1.0;
				PRODUCT_BUNDLE_IDENTIFIER = sugiokaseiya.com.DrawingUITests;
				PRODUCT_NAME = "$(TARGET_NAME)";
				SWIFT_EMIT_LOC_STRINGS = NO;
				SWIFT_VERSION = 5.0;
				TARGETED_DEVICE_FAMILY = "1,2";
				TEST_TARGET_NAME = Drawing;
			};
			name = Release;
		};
/* End XCBuildConfiguration section */

/* Begin XCConfigurationList section */
		C72F08C8271F0D2A00DA662B /* Build configuration list for PBXProject "Drawing" */ = {
			isa = XCConfigurationList;
			buildConfigurations = (
				C72F08EF271F0D2E00DA662B /* Debug */,
				C72F08F0271F0D2E00DA662B /* Release */,
			);
			defaultConfigurationIsVisible = 0;
			defaultConfigurationName = Release;
		};
		C72F08F1271F0D2E00DA662B /* Build configuration list for PBXNativeTarget "Drawing" */ = {
			isa = XCConfigurationList;
			buildConfigurations = (
				C72F08F2271F0D2E00DA662B /* Debug */,
				C72F08F3271F0D2E00DA662B /* Release */,
			);
			defaultConfigurationIsVisible = 0;
			defaultConfigurationName = Release;
		};
		C72F08F4271F0D2E00DA662B /* Build configuration list for PBXNativeTarget "DrawingTests" */ = {
			isa = XCConfigurationList;
			buildConfigurations = (
				C72F08F5271F0D2E00DA662B /* Debug */,
				C72F08F6271F0D2E00DA662B /* Release */,
			);
			defaultConfigurationIsVisible = 0;
			defaultConfigurationName = Release;
		};
		C72F08F7271F0D2E00DA662B /* Build configuration list for PBXNativeTarget "DrawingUITests" */ = {
			isa = XCConfigurationList;
			buildConfigurations = (
				C72F08F8271F0D2E00DA662B /* Debug */,
				C72F08F9271F0D2E00DA662B /* Release */,
			);
			defaultConfigurationIsVisible = 0;
			defaultConfigurationName = Release;
		};
/* End XCConfigurationList section */
	};
	rootObject = C72F08C5271F0D2A00DA662B /* Project object */;
}
